
Microsoft Visual Studio Solution File, Format Version 12.00
# Visual Studio Version 17
VisualStudioVersion = 17.0.32126.317
MinimumVisualStudioVersion = 10.0.40219.1
Project("{FAE04EC0-301F-11D3-BF4B-00C04F79EFBC}") = "GammaOfNightLights", "GammaOfNightLights.csproj", "{B50CB9CC-89C7-4636-90BE-6D6AE9417719}"
EndProject
Global
	GlobalSection(SolutionConfigurationPlatforms) = preSolution
		Debug|Any CPU = Debug|Any CPU
		Release|Any CPU = Release|Any CPU
	EndGlobalSection
	GlobalSection(ProjectConfigurationPlatforms) = postSolution
		{B50CB9CC-89C7-4636-90BE-6D6AE9417719}.Debug|Any CPU.ActiveCfg = Debug|Any CPU
		{B50CB9CC-89C7-4636-90BE-6D6AE9417719}.Debug|Any CPU.Build.0 = Debug|Any CPU
		{B50CB9CC-89C7-4636-90BE-6D6AE9417719}.Release|Any CPU.ActiveCfg = Release|Any CPU
		{B50CB9CC-89C7-4636-90BE-6D6AE9417719}.Release|Any CPU.Build.0 = Release|Any CPU
	EndGlobalSection
	GlobalSection(SolutionProperties) = preSolution
		HideSolutionNode = FALSE
	EndGlobalSection
	GlobalSection(ExtensibilityGlobals) = postSolution
		SolutionGuid = {233D314F-08F7-4DBC-B020-8F50B7A8D2F9}
	EndGlobalSection
EndGlobal
